{
  "name": "localclaw-io",
  "version": "0.0.0",
  "lockfileVersion": 3,
  "requires": true,
  "packages": {
    "": {
      "name": "localclaw-io",
      "version": "0.0.0",
      "dependencies": {
        "@datafast/ai-crawl": "^1.0.5"
      }
    },
    "node_modules/@datafast/ai-crawl": {
      "version": "1.0.5",
      "resolved": "https://registry.npmjs.org/@datafast/ai-crawl/-/ai-crawl-1.0.5.tgz",
      "integrity": "sha512-y0rieHoij585C8raLYJ4eB8DBzj36nBCT3o28BBbbTy8kEjA3JzwmndKbh4mZlyjY4IKSKBzR3RLfWSZT+Gdew==",
      "license": "MIT"
    }
  }
}
